
Microsoft Visual Studio Solution File, Format Version 12.00
# Visual Studio Version 16
VisualStudioVersion = 16.0.30907.101
MinimumVisualStudioVersion = 10.0.40219.1
Project("{FAE04EC0-301F-11D3-BF4B-00C04F79EFBC}") = "L1_Calculator", "L1_Calculator\L1_Calculator.csproj", "{87A21B44-C7CD-49C7-9DE5-D1A1C7773A8C}"
EndProject
Project("{FAE04EC0-301F-11D3-BF4B-00C04F79EFBC}") = "CalculatorNUitTest", "CalculatorNUitTest\CalculatorNUitTest.csproj", "{1C75DE30-8552-4CC7-8F72-9DA1FCCD344E}"
EndProject
Global
	GlobalSection(SolutionConfigurationPlatforms) = preSolution
		Debug|Any CPU = Debug|Any CPU
		Release|Any CPU = Release|Any CPU
	EndGlobalSection
	GlobalSection(ProjectConfigurationPlatforms) = postSolution
		{87A21B44-C7CD-49C7-9DE5-D1A1C7773A8C}.Debug|Any CPU.ActiveCfg = Debug|Any CPU
		{87A21B44-C7CD-49C7-9DE5-D1A1C7773A8C}.Debug|Any CPU.Build.0 = Debug|Any CPU
		{87A21B44-C7CD-49C7-9DE5-D1A1C7773A8C}.Release|Any CPU.ActiveCfg = Release|Any CPU
		{87A21B44-C7CD-49C7-9DE5-D1A1C7773A8C}.Release|Any CPU.Build.0 = Release|Any CPU
		{1C75DE30-8552-4CC7-8F72-9DA1FCCD344E}.Debug|Any CPU.ActiveCfg = Debug|Any CPU
		{1C75DE30-8552-4CC7-8F72-9DA1FCCD344E}.Debug|Any CPU.Build.0 = Debug|Any CPU
		{1C75DE30-8552-4CC7-8F72-9DA1FCCD344E}.Release|Any CPU.ActiveCfg = Release|Any CPU
		{1C75DE30-8552-4CC7-8F72-9DA1FCCD344E}.Release|Any CPU.Build.0 = Release|Any CPU
	EndGlobalSection
	GlobalSection(SolutionProperties) = preSolution
		HideSolutionNode = FALSE
	EndGlobalSection
	GlobalSection(ExtensibilityGlobals) = postSolution
		SolutionGuid = {2A5846F2-53AC-4AB6-AE9A-5AED0C66C930}
	EndGlobalSection
EndGlobal
